// !$*UTF8*$!
{
	archiveVersion = 1;
	classes = {
	};
	objectVersion = 56;
	objects = {

/* Begin PBXBuildFile section */
		6B2A927A2B1552B4007BB424 /* AuthViewModel.swift in Sources */ = {isa = PBXBuildFile; fileRef = 6B2A92792B1552B4007BB424 /* AuthViewModel.swift */; };
		6B2A927C2B1555BE007BB424 /* UserStatsView.swift in Sources */ = {isa = PBXBuildFile; fileRef = 6B2A927B2B1555BE007BB424 /* UserStatsView.swift */; };
		6B3359222B11654C00E8DB68 /* GoogleService-Info.plist in Resources */ = {isa = PBXBuildFile; fileRef = 6B3359212B11654C00E8DB68 /* GoogleService-Info.plist */; };
		6B3359252B1165A100E8DB68 /* FirebaseAnalytics in Frameworks */ = {isa = PBXBuildFile; productRef = 6B3359242B1165A100E8DB68 /* FirebaseAnalytics */; };
		6B3359272B1165A100E8DB68 /* FirebaseAnalyticsOnDeviceConversion in Frameworks */ = {isa = PBXBuildFile; productRef = 6B3359262B1165A100E8DB68 /* FirebaseAnalyticsOnDeviceConversion */; };
		6B3359292B1165A100E8DB68 /* FirebaseAnalyticsSwift in Frameworks */ = {isa = PBXBuildFile; productRef = 6B3359282B1165A100E8DB68 /* FirebaseAnalyticsSwift */; };
		6B33592B2B1165A100E8DB68 /* FirebaseAnalyticsWithoutAdIdSupport in Frameworks */ = {isa = PBXBuildFile; productRef = 6B33592A2B1165A100E8DB68 /* FirebaseAnalyticsWithoutAdIdSupport */; };
		6B33592D2B1165A100E8DB68 /* FirebaseAppCheck in Frameworks */ = {isa = PBXBuildFile; productRef = 6B33592C2B1165A100E8DB68 /* FirebaseAppCheck */; };
		6B33592F2B1165A100E8DB68 /* FirebaseAppDistribution-Beta in Frameworks */ = {isa = PBXBuildFile; productRef = 6B33592E2B1165A100E8DB68 /* FirebaseAppDistribution-Beta */; };
		6B3359312B1165A100E8DB68 /* FirebaseAuth in Frameworks */ = {isa = PBXBuildFile; productRef = 6B3359302B1165A100E8DB68 /* FirebaseAuth */; };
		6B3359332B1165A100E8DB68 /* FirebaseAuthCombine-Community in Frameworks */ = {isa = PBXBuildFile; productRef = 6B3359322B1165A100E8DB68 /* FirebaseAuthCombine-Community */; };
		6B3359352B1165A100E8DB68 /* FirebaseCrashlytics in Frameworks */ = {isa = PBXBuildFile; productRef = 6B3359342B1165A100E8DB68 /* FirebaseCrashlytics */; };
		6B3359372B1165A100E8DB68 /* FirebaseDatabase in Frameworks */ = {isa = PBXBuildFile; productRef = 6B3359362B1165A100E8DB68 /* FirebaseDatabase */; };
		6B3359392B1165A100E8DB68 /* FirebaseDatabaseSwift in Frameworks */ = {isa = PBXBuildFile; productRef = 6B3359382B1165A100E8DB68 /* FirebaseDatabaseSwift */; };
		6B33593B2B1165A100E8DB68 /* FirebaseDynamicLinks in Frameworks */ = {isa = PBXBuildFile; productRef = 6B33593A2B1165A100E8DB68 /* FirebaseDynamicLinks */; };
		6B33593D2B1165A100E8DB68 /* FirebaseFirestore in Frameworks */ = {isa = PBXBuildFile; productRef = 6B33593C2B1165A100E8DB68 /* FirebaseFirestore */; };
		6B33593F2B1165A100E8DB68 /* FirebaseFirestoreCombine-Community in Frameworks */ = {isa = PBXBuildFile; productRef = 6B33593E2B1165A100E8DB68 /* FirebaseFirestoreCombine-Community */; };
		6B3359412B1165A100E8DB68 /* FirebaseFirestoreSwift in Frameworks */ = {isa = PBXBuildFile; productRef = 6B3359402B1165A100E8DB68 /* FirebaseFirestoreSwift */; };
		6B3359432B1165A100E8DB68 /* FirebaseFunctions in Frameworks */ = {isa = PBXBuildFile; productRef = 6B3359422B1165A100E8DB68 /* FirebaseFunctions */; };
		6B3359452B1165A100E8DB68 /* FirebaseFunctionsCombine-Community in Frameworks */ = {isa = PBXBuildFile; productRef = 6B3359442B1165A100E8DB68 /* FirebaseFunctionsCombine-Community */; };
		6B3359472B1165A100E8DB68 /* FirebaseInAppMessaging-Beta in Frameworks */ = {isa = PBXBuildFile; productRef = 6B3359462B1165A100E8DB68 /* FirebaseInAppMessaging-Beta */; };
		6B3359492B1165A100E8DB68 /* FirebaseInAppMessagingSwift-Beta in Frameworks */ = {isa = PBXBuildFile; productRef = 6B3359482B1165A100E8DB68 /* FirebaseInAppMessagingSwift-Beta */; };
		6B33594B2B1165A100E8DB68 /* FirebaseInstallations in Frameworks */ = {isa = PBXBuildFile; productRef = 6B33594A2B1165A100E8DB68 /* FirebaseInstallations */; };
		6B33594D2B1165A100E8DB68 /* FirebaseMLModelDownloader in Frameworks */ = {isa = PBXBuildFile; productRef = 6B33594C2B1165A100E8DB68 /* FirebaseMLModelDownloader */; };
		6B33594F2B1165A100E8DB68 /* FirebaseMessaging in Frameworks */ = {isa = PBXBuildFile; productRef = 6B33594E2B1165A100E8DB68 /* FirebaseMessaging */; };
		6B3359512B1165A100E8DB68 /* FirebasePerformance in Frameworks */ = {isa = PBXBuildFile; productRef = 6B3359502B1165A100E8DB68 /* FirebasePerformance */; };
		6B3359532B1165A100E8DB68 /* FirebaseRemoteConfig in Frameworks */ = {isa = PBXBuildFile; productRef = 6B3359522B1165A100E8DB68 /* FirebaseRemoteConfig */; };
		6B3359552B1165A100E8DB68 /* FirebaseRemoteConfigSwift in Frameworks */ = {isa = PBXBuildFile; productRef = 6B3359542B1165A100E8DB68 /* FirebaseRemoteConfigSwift */; };
		6B3359572B1165A100E8DB68 /* FirebaseStorage in Frameworks */ = {isa = PBXBuildFile; productRef = 6B3359562B1165A100E8DB68 /* FirebaseStorage */; };
		6B3359592B1165A100E8DB68 /* FirebaseStorageCombine-Community in Frameworks */ = {isa = PBXBuildFile; productRef = 6B3359582B1165A100E8DB68 /* FirebaseStorageCombine-Community */; };
		6B61CD092B16956D006AF6E5 /* ProfilePhotoSelectorView.swift in Sources */ = {isa = PBXBuildFile; fileRef = 6B61CD082B16956D006AF6E5 /* ProfilePhotoSelectorView.swift */; };
		6B61CD0C2B169AE2006AF6E5 /* ImagePicker.swift in Sources */ = {isa = PBXBuildFile; fileRef = 6B61CD0B2B169AE2006AF6E5 /* ImagePicker.swift */; };
		6B61CD0E2B16A688006AF6E5 /* ImageUploader.swift in Sources */ = {isa = PBXBuildFile; fileRef = 6B61CD0D2B16A688006AF6E5 /* ImageUploader.swift */; };
		6B6CF5732B0A71A9002910B8 /* TwitterCloneSwiftUIApp.swift in Sources */ = {isa = PBXBuildFile; fileRef = 6B6CF5722B0A71A9002910B8 /* TwitterCloneSwiftUIApp.swift */; };
		6B6CF5752B0A71A9002910B8 /* ContentView.swift in Sources */ = {isa = PBXBuildFile; fileRef = 6B6CF5742B0A71A9002910B8 /* ContentView.swift */; };
		6B6CF5772B0A71AA002910B8 /* Assets.xcassets in Resources */ = {isa = PBXBuildFile; fileRef = 6B6CF5762B0A71AA002910B8 /* Assets.xcassets */; };
		6B6CF57A2B0A71AA002910B8 /* Preview Assets.xcassets in Resources */ = {isa = PBXBuildFile; fileRef = 6B6CF5792B0A71AA002910B8 /* Preview Assets.xcassets */; };
		6B6CF5892B0A727C002910B8 /* FeedView.swift in Sources */ = {isa = PBXBuildFile; fileRef = 6B6CF5882B0A727C002910B8 /* FeedView.swift */; };
		6B6CF58C2B0A72E2002910B8 /* TweetRowView.swift in Sources */ = {isa = PBXBuildFile; fileRef = 6B6CF58B2B0A72E2002910B8 /* TweetRowView.swift */; };
		6B6CF58F2B0A742C002910B8 /* MainTabView.swift in Sources */ = {isa = PBXBuildFile; fileRef = 6B6CF58E2B0A742C002910B8 /* MainTabView.swift */; };
		6B6CF5952B0A749C002910B8 /* ExploreView.swift in Sources */ = {isa = PBXBuildFile; fileRef = 6B6CF5942B0A749C002910B8 /* ExploreView.swift */; };
		6B6CF5972B0A74B1002910B8 /* NotificationsView.swift in Sources */ = {isa = PBXBuildFile; fileRef = 6B6CF5962B0A74B1002910B8 /* NotificationsView.swift */; };
		6B6CF5992B0A74C1002910B8 /* MessagesView.swift in Sources */ = {isa = PBXBuildFile; fileRef = 6B6CF5982B0A74C1002910B8 /* MessagesView.swift */; };
		6B6CF59D2B0A7530002910B8 /* ProfileView.swift in Sources */ = {isa = PBXBuildFile; fileRef = 6B6CF59C2B0A7530002910B8 /* ProfileView.swift */; };
		6B6CF5A12B0A762A002910B8 /* TweetFilterViewModel.swift in Sources */ = {isa = PBXBuildFile; fileRef = 6B6CF5A02B0A762A002910B8 /* TweetFilterViewModel.swift */; };
		6B6CF5A62B0A8776002910B8 /* UserRowView.swift in Sources */ = {isa = PBXBuildFile; fileRef = 6B6CF5A52B0A8776002910B8 /* UserRowView.swift */; };
		6B6CF5AB2B0C1351002910B8 /* SideMenuView.swift in Sources */ = {isa = PBXBuildFile; fileRef = 6B6CF5AA2B0C1351002910B8 /* SideMenuView.swift */; };
		6B6CF5AD2B0C1359002910B8 /* SideMenuOptionRowView.swift in Sources */ = {isa = PBXBuildFile; fileRef = 6B6CF5AC2B0C1359002910B8 /* SideMenuOptionRowView.swift */; };
		6B6CF5AF2B0C1366002910B8 /* SideMenuViewModel.swift in Sources */ = {isa = PBXBuildFile; fileRef = 6B6CF5AE2B0C1366002910B8 /* SideMenuViewModel.swift */; };
		6B6CF5B42B0C3901002910B8 /* NewTweetView.swift in Sources */ = {isa = PBXBuildFile; fileRef = 6B6CF5B32B0C3901002910B8 /* NewTweetView.swift */; };
		6B6CF5B62B0C3972002910B8 /* TextArea.swift in Sources */ = {isa = PBXBuildFile; fileRef = 6B6CF5B52B0C3972002910B8 /* TextArea.swift */; };
		6B6CF5BB2B0C3B44002910B8 /* LoginView.swift in Sources */ = {isa = PBXBuildFile; fileRef = 6B6CF5BA2B0C3B44002910B8 /* LoginView.swift */; };
		6B6CF5BD2B0C3B52002910B8 /* RegistrationView.swift in Sources */ = {isa = PBXBuildFile; fileRef = 6B6CF5BC2B0C3B52002910B8 /* RegistrationView.swift */; };
		6B6CF5BF2B0C3BE0002910B8 /* RoundedShape.swift in Sources */ = {isa = PBXBuildFile; fileRef = 6B6CF5BE2B0C3BE0002910B8 /* RoundedShape.swift */; };
		6B6CF5C12B0C3C7B002910B8 /* CustomInputField.swift in Sources */ = {isa = PBXBuildFile; fileRef = 6B6CF5C02B0C3C7B002910B8 /* CustomInputField.swift */; };
		6B6CF5C42B0C3CE8002910B8 /* AuthHeaderView.swift in Sources */ = {isa = PBXBuildFile; fileRef = 6B6CF5C32B0C3CE8002910B8 /* AuthHeaderView.swift */; };
		6B9956FC2B1943F5005D02DD /* UserService.swift in Sources */ = {isa = PBXBuildFile; fileRef = 6B9956FB2B1943F5005D02DD /* UserService.swift */; };
		6B9956FE2B194594005D02DD /* User.swift in Sources */ = {isa = PBXBuildFile; fileRef = 6B9956FD2B194594005D02DD /* User.swift */; };
		6B9957012B194976005D02DD /* Kingfisher in Frameworks */ = {isa = PBXBuildFile; productRef = 6B9957002B194976005D02DD /* Kingfisher */; };
		6B9957032B195B1E005D02DD /* ExploreViewModel.swift in Sources */ = {isa = PBXBuildFile; fileRef = 6B9957022B195B1E005D02DD /* ExploreViewModel.swift */; };
		6B9957052B195E28005D02DD /* SearchBar.swift in Sources */ = {isa = PBXBuildFile; fileRef = 6B9957042B195E28005D02DD /* SearchBar.swift */; };
		6B9AF9ED2B1D423700265B27 /* TweetService.swift in Sources */ = {isa = PBXBuildFile; fileRef = 6B9AF9EC2B1D423700265B27 /* TweetService.swift */; };
		6B9AF9EF2B1D435F00265B27 /* UploadTweetViewModel.swift in Sources */ = {isa = PBXBuildFile; fileRef = 6B9AF9EE2B1D435F00265B27 /* UploadTweetViewModel.swift */; };
		6B9AF9F12B1D469F00265B27 /* FeedViewModel.swift in Sources */ = {isa = PBXBuildFile; fileRef = 6B9AF9F02B1D469F00265B27 /* FeedViewModel.swift */; };
		6B9AF9F32B1D475D00265B27 /* Tweet.swift in Sources */ = {isa = PBXBuildFile; fileRef = 6B9AF9F22B1D475D00265B27 /* Tweet.swift */; };
/* End PBXBuildFile section */

/* Begin PBXFileReference section */
		6B2A92792B1552B4007BB424 /* AuthViewModel.swift */ = {isa = PBXFileReference; lastKnownFileType = sourcecode.swift; path = AuthViewModel.swift; sourceTree = "<group>"; };
		6B2A927B2B1555BE007BB424 /* UserStatsView.swift */ = {isa = PBXFileReference; lastKnownFileType = sourcecode.swift; path = UserStatsView.swift; sourceTree = "<group>"; };
		6B3359212B11654C00E8DB68 /* GoogleService-Info.plist */ = {isa = PBXFileReference; lastKnownFileType = text.plist; path = "GoogleService-Info.plist"; sourceTree = SOURCE_ROOT; };
		6B61CD082B16956D006AF6E5 /* ProfilePhotoSelectorView.swift */ = {isa = PBXFileReference; lastKnownFileType = sourcecode.swift; path = ProfilePhotoSelectorView.swift; sourceTree = "<group>"; };
		6B61CD0B2B169AE2006AF6E5 /* ImagePicker.swift */ = {isa = PBXFileReference; lastKnownFileType = sourcecode.swift; path = ImagePicker.swift; sourceTree = "<group>"; };
		6B61CD0D2B16A688006AF6E5 /* ImageUploader.swift */ = {isa = PBXFileReference; lastKnownFileType = sourcecode.swift; path = ImageUploader.swift; sourceTree = "<group>"; };
		6B6CF56F2B0A71A9002910B8 /* TwitterCloneSwiftUI.app */ = {isa = PBXFileReference; explicitFileType = wrapper.application; includeInIndex = 0; path = TwitterCloneSwiftUI.app; sourceTree = BUILT_PRODUCTS_DIR; };
		6B6CF5722B0A71A9002910B8 /* TwitterCloneSwiftUIApp.swift */ = {isa = PBXFileReference; lastKnownFileType = sourcecode.swift; path = TwitterCloneSwiftUIApp.swift; sourceTree = "<group>"; };
		6B6CF5742B0A71A9002910B8 /* ContentView.swift */ = {isa = PBXFileReference; lastKnownFileType = sourcecode.swift; path = ContentView.swift; sourceTree = "<group>"; };
		6B6CF5762B0A71AA002910B8 /* Assets.xcassets */ = {isa = PBXFileReference; lastKnownFileType = folder.assetcatalog; path = Assets.xcassets; sourceTree = "<group>"; };
		6B6CF5792B0A71AA002910B8 /* Preview Assets.xcassets */ = {isa = PBXFileReference; lastKnownFileType = folder.assetcatalog; path = "Preview Assets.xcassets"; sourceTree = "<group>"; };
		6B6CF5882B0A727C002910B8 /* FeedView.swift */ = {isa = PBXFileReference; lastKnownFileType = sourcecode.swift; path = FeedView.swift; sourceTree = "<group>"; };
		6B6CF58B2B0A72E2002910B8 /* TweetRowView.swift */ = {isa = PBXFileReference; lastKnownFileType = sourcecode.swift; path = TweetRowView.swift; sourceTree = "<group>"; };
		6B6CF58E2B0A742C002910B8 /* MainTabView.swift */ = {isa = PBXFileReference; lastKnownFileType = sourcecode.swift; path = MainTabView.swift; sourceTree = "<group>"; };
		6B6CF5942B0A749C002910B8 /* ExploreView.swift */ = {isa = PBXFileReference; lastKnownFileType = sourcecode.swift; path = ExploreView.swift; sourceTree = "<group>"; };
		6B6CF5962B0A74B1002910B8 /* NotificationsView.swift */ = {isa = PBXFileReference; lastKnownFileType = sourcecode.swift; path = NotificationsView.swift; sourceTree = "<group>"; };
		6B6CF5982B0A74C1002910B8 /* MessagesView.swift */ = {isa = PBXFileReference; lastKnownFileType = sourcecode.swift; path = MessagesView.swift; sourceTree = "<group>"; };
		6B6CF59C2B0A7530002910B8 /* ProfileView.swift */ = {isa = PBXFileReference; lastKnownFileType = sourcecode.swift; path = ProfileView.swift; sourceTree = "<group>"; };
		6B6CF5A02B0A762A002910B8 /* TweetFilterViewModel.swift */ = {isa = PBXFileReference; lastKnownFileType = sourcecode.swift; path = TweetFilterViewModel.swift; sourceTree = "<group>"; };
		6B6CF5A52B0A8776002910B8 /* UserRowView.swift */ = {isa = PBXFileReference; lastKnownFileType = sourcecode.swift; path = UserRowView.swift; sourceTree = "<group>"; };
		6B6CF5AA2B0C1351002910B8 /* SideMenuView.swift */ = {isa = PBXFileReference; lastKnownFileType = sourcecode.swift; path = SideMenuView.swift; sourceTree = "<group>"; };
		6B6CF5AC2B0C1359002910B8 /* SideMenuOptionRowView.swift */ = {isa = PBXFileReference; lastKnownFileType = sourcecode.swift; path = SideMenuOptionRowView.swift; sourceTree = "<group>"; };
		6B6CF5AE2B0C1366002910B8 /* SideMenuViewModel.swift */ = {isa = PBXFileReference; lastKnownFileType = sourcecode.swift; path = SideMenuViewModel.swift; sourceTree = "<group>"; };
		6B6CF5B32B0C3901002910B8 /* NewTweetView.swift */ = {isa = PBXFileReference; lastKnownFileType = sourcecode.swift; path = NewTweetView.swift; sourceTree = "<group>"; };
		6B6CF5B52B0C3972002910B8 /* TextArea.swift */ = {isa = PBXFileReference; lastKnownFileType = sourcecode.swift; path = TextArea.swift; sourceTree = "<group>"; };
		6B6CF5BA2B0C3B44002910B8 /* LoginView.swift */ = {isa = PBXFileReference; lastKnownFileType = sourcecode.swift; path = LoginView.swift; sourceTree = "<group>"; };
		6B6CF5BC2B0C3B52002910B8 /* RegistrationView.swift */ = {isa = PBXFileReference; lastKnownFileType = sourcecode.swift; path = RegistrationView.swift; sourceTree = "<group>"; };
		6B6CF5BE2B0C3BE0002910B8 /* RoundedShape.swift */ = {isa = PBXFileReference; lastKnownFileType = sourcecode.swift; path = RoundedShape.swift; sourceTree = "<group>"; };
		6B6CF5C02B0C3C7B002910B8 /* CustomInputField.swift */ = {isa = PBXFileReference; lastKnownFileType = sourcecode.swift; path = CustomInputField.swift; sourceTree = "<group>"; };
		6B6CF5C32B0C3CE8002910B8 /* AuthHeaderView.swift */ = {isa = PBXFileReference; lastKnownFileType = sourcecode.swift; path = AuthHeaderView.swift; sourceTree = "<group>"; };
		6B9956FB2B1943F5005D02DD /* UserService.swift */ = {isa = PBXFileReference; lastKnownFileType = sourcecode.swift; path = UserService.swift; sourceTree = "<group>"; };
		6B9956FD2B194594005D02DD /* User.swift */ = {isa = PBXFileReference; lastKnownFileType = sourcecode.swift; path = User.swift; sourceTree = "<group>"; };
		6B9957022B195B1E005D02DD /* ExploreViewModel.swift */ = {isa = PBXFileReference; lastKnownFileType = sourcecode.swift; path = ExploreViewModel.swift; sourceTree = "<group>"; };
		6B9957042B195E28005D02DD /* SearchBar.swift */ = {isa = PBXFileReference; lastKnownFileType = sourcecode.swift; path = SearchBar.swift; sourceTree = "<group>"; };
		6B9AF9EC2B1D423700265B27 /* TweetService.swift */ = {isa = PBXFileReference; lastKnownFileType = sourcecode.swift; path = TweetService.swift; sourceTree = "<group>"; };
		6B9AF9EE2B1D435F00265B27 /* UploadTweetViewModel.swift */ = {isa = PBXFileReference; lastKnownFileType = sourcecode.swift; path = UploadTweetViewModel.swift; sourceTree = "<group>"; };
		6B9AF9F02B1D469F00265B27 /* FeedViewModel.swift */ = {isa = PBXFileReference; lastKnownFileType = sourcecode.swift; path = FeedViewModel.swift; sourceTree = "<group>"; };
		6B9AF9F22B1D475D00265B27 /* Tweet.swift */ = {isa = PBXFileReference; lastKnownFileType = sourcecode.swift; path = Tweet.swift; sourceTree = "<group>"; };
/* End PBXFileReference section */

/* Begin PBXFrameworksBuildPhase section */
		6B6CF56C2B0A71A9002910B8 /* Frameworks */ = {
			isa = PBXFrameworksBuildPhase;
			buildActionMask = 2147483647;
			files = (
				6B3359372B1165A100E8DB68 /* FirebaseDatabase in Frameworks */,
				6B3359452B1165A100E8DB68 /* FirebaseFunctionsCombine-Community in Frameworks */,
				6B33593D2B1165A100E8DB68 /* FirebaseFirestore in Frameworks */,
				6B3359292B1165A100E8DB68 /* FirebaseAnalyticsSwift in Frameworks */,
				6B3359252B1165A100E8DB68 /* FirebaseAnalytics in Frameworks */,
				6B3359272B1165A100E8DB68 /* FirebaseAnalyticsOnDeviceConversion in Frameworks */,
				6B33594D2B1165A100E8DB68 /* FirebaseMLModelDownloader in Frameworks */,
				6B3359412B1165A100E8DB68 /* FirebaseFirestoreSwift in Frameworks */,
				6B33592D2B1165A100E8DB68 /* FirebaseAppCheck in Frameworks */,
				6B33592B2B1165A100E8DB68 /* FirebaseAnalyticsWithoutAdIdSupport in Frameworks */,
				6B3359312B1165A100E8DB68 /* FirebaseAuth in Frameworks */,
				6B3359352B1165A100E8DB68 /* FirebaseCrashlytics in Frameworks */,
				6B3359552B1165A100E8DB68 /* FirebaseRemoteConfigSwift in Frameworks */,
				6B3359472B1165A100E8DB68 /* FirebaseInAppMessaging-Beta in Frameworks */,
				6B3359392B1165A100E8DB68 /* FirebaseDatabaseSwift in Frameworks */,
				6B3359432B1165A100E8DB68 /* FirebaseFunctions in Frameworks */,
				6B9957012B194976005D02DD /* Kingfisher in Frameworks */,
				6B3359592B1165A100E8DB68 /* FirebaseStorageCombine-Community in Frameworks */,
				6B3359532B1165A100E8DB68 /* FirebaseRemoteConfig in Frameworks */,
				6B33592F2B1165A100E8DB68 /* FirebaseAppDistribution-Beta in Frameworks */,
				6B3359332B1165A100E8DB68 /* FirebaseAuthCombine-Community in Frameworks */,
				6B3359512B1165A100E8DB68 /* FirebasePerformance in Frameworks */,
				6B3359492B1165A100E8DB68 /* FirebaseInAppMessagingSwift-Beta in Frameworks */,
				6B3359572B1165A100E8DB68 /* FirebaseStorage in Frameworks */,
				6B33593B2B1165A100E8DB68 /* FirebaseDynamicLinks in Frameworks */,
				6B33593F2B1165A100E8DB68 /* FirebaseFirestoreCombine-Community in Frameworks */,
				6B33594F2B1165A100E8DB68 /* FirebaseMessaging in Frameworks */,
				6B33594B2B1165A100E8DB68 /* FirebaseInstallations in Frameworks */,
			);
			runOnlyForDeploymentPostprocessing = 0;
		};
/* End PBXFrameworksBuildPhase section */

/* Begin PBXGroup section */
		6B61CD0A2B169AD4006AF6E5 /* Utils */ = {
			isa = PBXGroup;
			children = (
				6B61CD0B2B169AE2006AF6E5 /* ImagePicker.swift */,
			);
			path = Utils;
			sourceTree = "<group>";
		};
		6B6CF5662B0A71A9002910B8 = {
			isa = PBXGroup;
			children = (
				6B6CF5712B0A71A9002910B8 /* TwitterCloneSwiftUI */,
				6B6CF5702B0A71A9002910B8 /* Products */,
			);
			sourceTree = "<group>";
		};
		6B6CF5702B0A71A9002910B8 /* Products */ = {
			isa = PBXGroup;
			children = (
				6B6CF56F2B0A71A9002910B8 /* TwitterCloneSwiftUI.app */,
			);
			name = Products;
			sourceTree = "<group>";
		};
		6B6CF5712B0A71A9002910B8 /* TwitterCloneSwiftUI */ = {
			isa = PBXGroup;
			children = (
				6B61CD0A2B169AD4006AF6E5 /* Utils */,
				6B6CF5832B0A71F7002910B8 /* Extensions */,
				6B6CF5822B0A71F6002910B8 /* Model */,
				6B6CF5812B0A71F5002910B8 /* Service */,
				6B6CF5802B0A71EB002910B8 /* Core */,
				6B6CF5722B0A71A9002910B8 /* TwitterCloneSwiftUIApp.swift */,
				6B6CF5742B0A71A9002910B8 /* ContentView.swift */,
				6B6CF5762B0A71AA002910B8 /* Assets.xcassets */,
				6B3359212B11654C00E8DB68 /* GoogleService-Info.plist */,
				6B6CF5782B0A71AA002910B8 /* Preview Content */,
			);
			path = TwitterCloneSwiftUI;
			sourceTree = "<group>";
		};
		6B6CF5782B0A71AA002910B8 /* Preview Content */ = {
			isa = PBXGroup;
			children = (
				6B6CF5792B0A71AA002910B8 /* Preview Assets.xcassets */,
			);
			path = "Preview Content";
			sourceTree = "<group>";
		};
		6B6CF5802B0A71EB002910B8 /* Core */ = {
			isa = PBXGroup;
			children = (
				6B6CF5852B0A7226002910B8 /* Components */,
				6B6CF5B72B0C3B27002910B8 /* Authentication */,
				6B6CF5B02B0C38D5002910B8 /* UploadTweet */,
				6B6CF5A72B0C1324002910B8 /* SideMenu */,
				6B6CF5932B0A746A002910B8 /* Explore */,
				6B6CF5922B0A7468002910B8 /* Notifications */,
				6B6CF5912B0A7464002910B8 /* Messages */,
				6B6CF5902B0A7462002910B8 /* Profile */,
				6B6CF58D2B0A741E002910B8 /* MainTab */,
				6B6CF5842B0A721F002910B8 /* Feed */,
			);
			path = Core;
			sourceTree = "<group>";
		};
		6B6CF5812B0A71F5002910B8 /* Service */ = {
			isa = PBXGroup;
			children = (
				6B61CD0D2B16A688006AF6E5 /* ImageUploader.swift */,
				6B9956FB2B1943F5005D02DD /* UserService.swift */,
				6B9AF9EC2B1D423700265B27 /* TweetService.swift */,
			);
			path = Service;
			sourceTree = "<group>";
		};
		6B6CF5822B0A71F6002910B8 /* Model */ = {
			isa = PBXGroup;
			children = (
				6B9956FD2B194594005D02DD /* User.swift */,
				6B9AF9F22B1D475D00265B27 /* Tweet.swift */,
			);
			path = Model;
			sourceTree = "<group>";
		};
		6B6CF5832B0A71F7002910B8 /* Extensions */ = {
			isa = PBXGroup;
			children = (
			);
			path = Extensions;
			sourceTree = "<group>";
		};
		6B6CF5842B0A721F002910B8 /* Feed */ = {
			isa = PBXGroup;
			children = (
				6B6CF5872B0A726B002910B8 /* ViewModel */,
				6B6CF5862B0A7266002910B8 /* View */,
			);
			path = Feed;
			sourceTree = "<group>";
		};
		6B6CF5852B0A7226002910B8 /* Components */ = {
			isa = PBXGroup;
			children = (
				6B6CF5C22B0C3CCB002910B8 /* Authentication */,
				6B6CF5A42B0A875F002910B8 /* Users */,
				6B6CF58A2B0A72D2002910B8 /* Tweets */,
				6B6CF5B52B0C3972002910B8 /* TextArea.swift */,
				6B6CF5BE2B0C3BE0002910B8 /* RoundedShape.swift */,
				6B6CF5C02B0C3C7B002910B8 /* CustomInputField.swift */,
				6B9957042B195E28005D02DD /* SearchBar.swift */,
			);
			path = Components;
			sourceTree = "<group>";
		};
		6B6CF5862B0A7266002910B8 /* View */ = {
			isa = PBXGroup;
			children = (
				6B6CF5882B0A727C002910B8 /* FeedView.swift */,
			);
			path = View;
			sourceTree = "<group>";
		};
		6B6CF5872B0A726B002910B8 /* ViewModel */ = {
			isa = PBXGroup;
			children = (
				6B9AF9F02B1D469F00265B27 /* FeedViewModel.swift */,
			);
			path = ViewModel;
			sourceTree = "<group>";
		};
		6B6CF58A2B0A72D2002910B8 /* Tweets */ = {
			isa = PBXGroup;
			children = (
				6B6CF58B2B0A72E2002910B8 /* TweetRowView.swift */,
			);
			path = Tweets;
			sourceTree = "<group>";
		};
		6B6CF58D2B0A741E002910B8 /* MainTab */ = {
			isa = PBXGroup;
			children = (
				6B6CF58E2B0A742C002910B8 /* MainTabView.swift */,
			);
			path = MainTab;
			sourceTree = "<group>";
		};
		6B6CF5902B0A7462002910B8 /* Profile */ = {
			isa = PBXGroup;
			children = (
				6B6CF59B2B0A7527002910B8 /* ViewModels */,
				6B6CF59A2B0A7523002910B8 /* Views */,
			);
			path = Profile;
			sourceTree = "<group>";
		};
		6B6CF5912B0A7464002910B8 /* Messages */ = {
			isa = PBXGroup;
			children = (
				6B6CF5982B0A74C1002910B8 /* MessagesView.swift */,
			);
			path = Messages;
			sourceTree = "<group>";
		};
		6B6CF5922B0A7468002910B8 /* Notifications */ = {
			isa = PBXGroup;
			children = (
				6B6CF5962B0A74B1002910B8 /* NotificationsView.swift */,
			);
			path = Notifications;
			sourceTree = "<group>";
		};
		6B6CF5932B0A746A002910B8 /* Explore */ = {
			isa = PBXGroup;
			children = (
				6B6CF5A32B0A8748002910B8 /* ViewModels */,
				6B6CF5A22B0A8745002910B8 /* Views */,
			);
			path = Explore;
			sourceTree = "<group>";
		};
		6B6CF59A2B0A7523002910B8 /* Views */ = {
			isa = PBXGroup;
			children = (
				6B6CF59C2B0A7530002910B8 /* ProfileView.swift */,
			);
			path = Views;
			sourceTree = "<group>";
		};
		6B6CF59B2B0A7527002910B8 /* ViewModels */ = {
			isa = PBXGroup;
			children = (
				6B6CF5A02B0A762A002910B8 /* TweetFilterViewModel.swift */,
			);
			path = ViewModels;
			sourceTree = "<group>";
		};
		6B6CF5A22B0A8745002910B8 /* Views */ = {
			isa = PBXGroup;
			children = (
				6B6CF5942B0A749C002910B8 /* ExploreView.swift */,
			);
			path = Views;
			sourceTree = "<group>";
		};
		6B6CF5A32B0A8748002910B8 /* ViewModels */ = {
			isa = PBXGroup;
			children = (
				6B9957022B195B1E005D02DD /* ExploreViewModel.swift */,
			);
			path = ViewModels;
			sourceTree = "<group>";
		};
		6B6CF5A42B0A875F002910B8 /* Users */ = {
			isa = PBXGroup;
			children = (
				6B6CF5A52B0A8776002910B8 /* UserRowView.swift */,
				6B2A927B2B1555BE007BB424 /* UserStatsView.swift */,
			);
			path = Users;
			sourceTree = "<group>";
		};
		6B6CF5A72B0C1324002910B8 /* SideMenu */ = {
			isa = PBXGroup;
			children = (
				6B6CF5A92B0C132F002910B8 /* ViewModels */,
				6B6CF5A82B0C1328002910B8 /* Views */,
			);
			path = SideMenu;
			sourceTree = "<group>";
		};
		6B6CF5A82B0C1328002910B8 /* Views */ = {
			isa = PBXGroup;
			children = (
				6B6CF5AA2B0C1351002910B8 /* SideMenuView.swift */,
				6B6CF5AC2B0C1359002910B8 /* SideMenuOptionRowView.swift */,
			);
			path = Views;
			sourceTree = "<group>";
		};
		6B6CF5A92B0C132F002910B8 /* ViewModels */ = {
			isa = PBXGroup;
			children = (
				6B6CF5AE2B0C1366002910B8 /* SideMenuViewModel.swift */,
			);
			path = ViewModels;
			sourceTree = "<group>";
		};
		6B6CF5B02B0C38D5002910B8 /* UploadTweet */ = {
			isa = PBXGroup;
			children = (
				6B6CF5B22B0C38E3002910B8 /* ViewModels */,
				6B6CF5B12B0C38DC002910B8 /* Views */,
			);
			path = UploadTweet;
			sourceTree = "<group>";
		};
		6B6CF5B12B0C38DC002910B8 /* Views */ = {
			isa = PBXGroup;
			children = (
				6B6CF5B32B0C3901002910B8 /* NewTweetView.swift */,
			);
			path = Views;
			sourceTree = "<group>";
		};
		6B6CF5B22B0C38E3002910B8 /* ViewModels */ = {
			isa = PBXGroup;
			children = (
				6B9AF9EE2B1D435F00265B27 /* UploadTweetViewModel.swift */,
			);
			path = ViewModels;
			sourceTree = "<group>";
		};
		6B6CF5B72B0C3B27002910B8 /* Authentication */ = {
			isa = PBXGroup;
			children = (
				6B6CF5B92B0C3B37002910B8 /* ViewModels */,
				6B6CF5B82B0C3B32002910B8 /* Views */,
			);
			path = Authentication;
			sourceTree = "<group>";
		};
		6B6CF5B82B0C3B32002910B8 /* Views */ = {
			isa = PBXGroup;
			children = (
				6B6CF5BA2B0C3B44002910B8 /* LoginView.swift */,
				6B6CF5BC2B0C3B52002910B8 /* RegistrationView.swift */,
				6B61CD082B16956D006AF6E5 /* ProfilePhotoSelectorView.swift */,
			);
			path = Views;
			sourceTree = "<group>";
		};
		6B6CF5B92B0C3B37002910B8 /* ViewModels */ = {
			isa = PBXGroup;
			children = (
				6B2A92792B1552B4007BB424 /* AuthViewModel.swift */,
			);
			path = ViewModels;
			sourceTree = "<group>";
		};
		6B6CF5C22B0C3CCB002910B8 /* Authentication */ = {
			isa = PBXGroup;
			children = (
				6B6CF5C32B0C3CE8002910B8 /* AuthHeaderView.swift */,
			);
			path = Authentication;
			sourceTree = "<group>";
		};
/* End PBXGroup section */

/* Begin PBXNativeTarget section */
		6B6CF56E2B0A71A9002910B8 /* TwitterCloneSwiftUI */ = {
			isa = PBXNativeTarget;
			buildConfigurationList = 6B6CF57D2B0A71AA002910B8 /* Build configuration list for PBXNativeTarget "TwitterCloneSwiftUI" */;
			buildPhases = (
				6B6CF56B2B0A71A9002910B8 /* Sources */,
				6B6CF56C2B0A71A9002910B8 /* Frameworks */,
				6B6CF56D2B0A71A9002910B8 /* Resources */,
			);
			buildRules = (
			);
			dependencies = (
			);
			name = TwitterCloneSwiftUI;
			packageProductDependencies = (
				6B3359242B1165A100E8DB68 /* FirebaseAnalytics */,
				6B3359262B1165A100E8DB68 /* FirebaseAnalyticsOnDeviceConversion */,
				6B3359282B1165A100E8DB68 /* FirebaseAnalyticsSwift */,
				6B33592A2B1165A100E8DB68 /* FirebaseAnalyticsWithoutAdIdSupport */,
				6B33592C2B1165A100E8DB68 /* FirebaseAppCheck */,
				6B33592E2B1165A100E8DB68 /* FirebaseAppDistribution-Beta */,
				6B3359302B1165A100E8DB68 /* FirebaseAuth */,
				6B3359322B1165A100E8DB68 /* FirebaseAuthCombine-Community */,
				6B3359342B1165A100E8DB68 /* FirebaseCrashlytics */,
				6B3359362B1165A100E8DB68 /* FirebaseDatabase */,
				6B3359382B1165A100E8DB68 /* FirebaseDatabaseSwift */,
				6B33593A2B1165A100E8DB68 /* FirebaseDynamicLinks */,
				6B33593C2B1165A100E8DB68 /* FirebaseFirestore */,
				6B33593E2B1165A100E8DB68 /* FirebaseFirestoreCombine-Community */,
				6B3359402B1165A100E8DB68 /* FirebaseFirestoreSwift */,
				6B3359422B1165A100E8DB68 /* FirebaseFunctions */,
				6B3359442B1165A100E8DB68 /* FirebaseFunctionsCombine-Community */,
				6B3359462B1165A100E8DB68 /* FirebaseInAppMessaging-Beta */,
				6B3359482B1165A100E8DB68 /* FirebaseInAppMessagingSwift-Beta */,
				6B33594A2B1165A100E8DB68 /* FirebaseInstallations */,
				6B33594C2B1165A100E8DB68 /* FirebaseMLModelDownloader */,
				6B33594E2B1165A100E8DB68 /* FirebaseMessaging */,
				6B3359502B1165A100E8DB68 /* FirebasePerformance */,
				6B3359522B1165A100E8DB68 /* FirebaseRemoteConfig */,
				6B3359542B1165A100E8DB68 /* FirebaseRemoteConfigSwift */,
				6B3359562B1165A100E8DB68 /* FirebaseStorage */,
				6B3359582B1165A100E8DB68 /* FirebaseStorageCombine-Community */,
				6B9957002B194976005D02DD /* Kingfisher */,
			);
			productName = TwitterCloneSwiftUI;
			productReference = 6B6CF56F2B0A71A9002910B8 /* TwitterCloneSwiftUI.app */;
			productType = "com.apple.product-type.application";
		};
/* End PBXNativeTarget section */

/* Begin PBXProject section */
		6B6CF5672B0A71A9002910B8 /* Project object */ = {
			isa = PBXProject;
			attributes = {
				BuildIndependentTargetsInParallel = 1;
				LastSwiftUpdateCheck = 1500;
				LastUpgradeCheck = 1500;
				TargetAttributes = {
					6B6CF56E2B0A71A9002910B8 = {
						CreatedOnToolsVersion = 15.0.1;
					};
				};
			};
			buildConfigurationList = 6B6CF56A2B0A71A9002910B8 /* Build configuration list for PBXProject "TwitterCloneSwiftUI" */;
			compatibilityVersion = "Xcode 14.0";
			developmentRegion = en;
			hasScannedForEncodings = 0;
			knownRegions = (
				en,
				Base,
			);
			mainGroup = 6B6CF5662B0A71A9002910B8;
			packageReferences = (
				6B3359232B1165A100E8DB68 /* XCRemoteSwiftPackageReference "firebase-ios-sdk" */,
				6B9956FF2B194976005D02DD /* XCRemoteSwiftPackageReference "Kingfisher" */,
			);
			productRefGroup = 6B6CF5702B0A71A9002910B8 /* Products */;
			projectDirPath = "";
			projectRoot = "";
			targets = (
				6B6CF56E2B0A71A9002910B8 /* TwitterCloneSwiftUI */,
			);
		};
/* End PBXProject section */

/* Begin PBXResourcesBuildPhase section */
		6B6CF56D2B0A71A9002910B8 /* Resources */ = {
			isa = PBXResourcesBuildPhase;
			buildActionMask = 2147483647;
			files = (
				6B6CF57A2B0A71AA002910B8 /* Preview Assets.xcassets in Resources */,
				6B6CF5772B0A71AA002910B8 /* Assets.xcassets in Resources */,
				6B3359222B11654C00E8DB68 /* GoogleService-Info.plist in Resources */,
			);
			runOnlyForDeploymentPostprocessing = 0;
		};
/* End PBXResourcesBuildPhase section */

/* Begin PBXSourcesBuildPhase section */
		6B6CF56B2B0A71A9002910B8 /* Sources */ = {
			isa = PBXSourcesBuildPhase;
			buildActionMask = 2147483647;
			files = (
				6B6CF5C12B0C3C7B002910B8 /* CustomInputField.swift in Sources */,
				6B6CF5992B0A74C1002910B8 /* MessagesView.swift in Sources */,
				6B9956FC2B1943F5005D02DD /* UserService.swift in Sources */,
				6B61CD0C2B169AE2006AF6E5 /* ImagePicker.swift in Sources */,
				6B6CF59D2B0A7530002910B8 /* ProfileView.swift in Sources */,
				6B9AF9F32B1D475D00265B27 /* Tweet.swift in Sources */,
				6B9AF9F12B1D469F00265B27 /* FeedViewModel.swift in Sources */,
				6B6CF5752B0A71A9002910B8 /* ContentView.swift in Sources */,
				6B61CD0E2B16A688006AF6E5 /* ImageUploader.swift in Sources */,
				6B6CF5BD2B0C3B52002910B8 /* RegistrationView.swift in Sources */,
				6B6CF5AD2B0C1359002910B8 /* SideMenuOptionRowView.swift in Sources */,
				6B6CF58C2B0A72E2002910B8 /* TweetRowView.swift in Sources */,
				6B6CF5A12B0A762A002910B8 /* TweetFilterViewModel.swift in Sources */,
				6B61CD092B16956D006AF6E5 /* ProfilePhotoSelectorView.swift in Sources */,
				6B9957032B195B1E005D02DD /* ExploreViewModel.swift in Sources */,
				6B6CF5892B0A727C002910B8 /* FeedView.swift in Sources */,
				6B6CF5B62B0C3972002910B8 /* TextArea.swift in Sources */,
				6B9AF9EF2B1D435F00265B27 /* UploadTweetViewModel.swift in Sources */,
				6B9AF9ED2B1D423700265B27 /* TweetService.swift in Sources */,
				6B6CF5B42B0C3901002910B8 /* NewTweetView.swift in Sources */,
				6B6CF5AB2B0C1351002910B8 /* SideMenuView.swift in Sources */,
				6B9957052B195E28005D02DD /* SearchBar.swift in Sources */,
				6B6CF5BB2B0C3B44002910B8 /* LoginView.swift in Sources */,
				6B6CF5C42B0C3CE8002910B8 /* AuthHeaderView.swift in Sources */,
				6B6CF5732B0A71A9002910B8 /* TwitterCloneSwiftUIApp.swift in Sources */,
				6B6CF5952B0A749C002910B8 /* ExploreView.swift in Sources */,
				6B9956FE2B194594005D02DD /* User.swift in Sources */,
				6B6CF5BF2B0C3BE0002910B8 /* RoundedShape.swift in Sources */,
				6B6CF5AF2B0C1366002910B8 /* SideMenuViewModel.swift in Sources */,
				6B2A927C2B1555BE007BB424 /* UserStatsView.swift in Sources */,
				6B2A927A2B1552B4007BB424 /* AuthViewModel.swift in Sources */,
				6B6CF5A62B0A8776002910B8 /* UserRowView.swift in Sources */,
				6B6CF58F2B0A742C002910B8 /* MainTabView.swift in Sources */,
				6B6CF5972B0A74B1002910B8 /* NotificationsView.swift in Sources */,
			);
			runOnlyForDeploymentPostprocessing = 0;
		};
/* End PBXSourcesBuildPhase section */

/* Begin XCBuildConfiguration section */
		6B6CF57B2B0A71AA002910B8 /* Debug */ = {
			isa = XCBuildConfiguration;
			buildSettings = {
				ALWAYS_SEARCH_USER_PATHS = NO;
				ASSETCATALOG_COMPILER_GENERATE_SWIFT_ASSET_SYMBOL_EXTENSIONS = YES;
				CLANG_ANALYZER_NONNULL = YES;
				CLANG_ANALYZER_NUMBER_OBJECT_CONVERSION = YES_AGGRESSIVE;
				CLANG_CXX_LANGUAGE_STANDARD = "gnu++20";
				CLANG_ENABLE_MODULES = YES;
				CLANG_ENABLE_OBJC_ARC = YES;
				CLANG_ENABLE_OBJC_WEAK = YES;
				CLANG_WARN_BLOCK_CAPTURE_AUTORELEASING = YES;
				CLANG_WARN_BOOL_CONVERSION = YES;
				CLANG_WARN_COMMA = YES;
				CLANG_WARN_CONSTANT_CONVERSION = YES;
				CLANG_WARN_DEPRECATED_OBJC_IMPLEMENTATIONS = YES;
				CLANG_WARN_DIRECT_OBJC_ISA_USAGE = YES_ERROR;
				CLANG_WARN_DOCUMENTATION_COMMENTS = YES;
				CLANG_WARN_EMPTY_BODY = YES;
				CLANG_WARN_ENUM_CONVERSION = YES;
				CLANG_WARN_INFINITE_RECURSION = YES;
				CLANG_WARN_INT_CONVERSION = YES;
				CLANG_WARN_NON_LITERAL_NULL_CONVERSION = YES;
				CLANG_WARN_OBJC_IMPLICIT_RETAIN_SELF = YES;
				CLANG_WARN_OBJC_LITERAL_CONVERSION = YES;
				CLANG_WARN_OBJC_ROOT_CLASS = YES_ERROR;
				CLANG_WARN_QUOTED_INCLUDE_IN_FRAMEWORK_HEADER = YES;
				CLANG_WARN_RANGE_LOOP_ANALYSIS = YES;
				CLANG_WARN_STRICT_PROTOTYPES = YES;
				CLANG_WARN_SUSPICIOUS_MOVE = YES;
				CLANG_WARN_UNGUARDED_AVAILABILITY = YES_AGGRESSIVE;
				CLANG_WARN_UNREACHABLE_CODE = YES;
				CLANG_WARN__DUPLICATE_METHOD_MATCH = YES;
				COPY_PHASE_STRIP = NO;
				DEBUG_INFORMATION_FORMAT = dwarf;
				ENABLE_STRICT_OBJC_MSGSEND = YES;
				ENABLE_TESTABILITY = YES;
				ENABLE_USER_SCRIPT_SANDBOXING = YES;
				GCC_C_LANGUAGE_STANDARD = gnu17;
				GCC_DYNAMIC_NO_PIC = NO;
				GCC_NO_COMMON_BLOCKS = YES;
				GCC_OPTIMIZATION_LEVEL = 0;
				GCC_PREPROCESSOR_DEFINITIONS = (
					"DEBUG=1",
					"$(inherited)",
				);
				GCC_WARN_64_TO_32_BIT_CONVERSION = YES;
				GCC_WARN_ABOUT_RETURN_TYPE = YES_ERROR;
				GCC_WARN_UNDECLARED_SELECTOR = YES;
				GCC_WARN_UNINITIALIZED_AUTOS = YES_AGGRESSIVE;
				GCC_WARN_UNUSED_FUNCTION = YES;
				GCC_WARN_UNUSED_VARIABLE = YES;
				IPHONEOS_DEPLOYMENT_TARGET = 17.0;
				LOCALIZATION_PREFERS_STRING_CATALOGS = YES;
				MTL_ENABLE_DEBUG_INFO = INCLUDE_SOURCE;
				MTL_FAST_MATH = YES;
				ONLY_ACTIVE_ARCH = YES;
				SDKROOT = iphoneos;
				SWIFT_ACTIVE_COMPILATION_CONDITIONS = "DEBUG $(inherited)";
				SWIFT_OPTIMIZATION_LEVEL = "-Onone";
			};
			name = Debug;
		};
		6B6CF57C2B0A71AA002910B8 /* Release */ = {
			isa = XCBuildConfiguration;
			buildSettings = {
				ALWAYS_SEARCH_USER_PATHS = NO;
				ASSETCATALOG_COMPILER_GENERATE_SWIFT_ASSET_SYMBOL_EXTENSIONS = YES;
				CLANG_ANALYZER_NONNULL = YES;
				CLANG_ANALYZER_NUMBER_OBJECT_CONVERSION = YES_AGGRESSIVE;
				CLANG_CXX_LANGUAGE_STANDARD = "gnu++20";
				CLANG_ENABLE_MODULES = YES;
				CLANG_ENABLE_OBJC_ARC = YES;
				CLANG_ENABLE_OBJC_WEAK = YES;
				CLANG_WARN_BLOCK_CAPTURE_AUTORELEASING = YES;
				CLANG_WARN_BOOL_CONVERSION = YES;
				CLANG_WARN_COMMA = YES;
				CLANG_WARN_CONSTANT_CONVERSION = YES;
				CLANG_WARN_DEPRECATED_OBJC_IMPLEMENTATIONS = YES;
				CLANG_WARN_DIRECT_OBJC_ISA_USAGE = YES_ERROR;
				CLANG_WARN_DOCUMENTATION_COMMENTS = YES;
				CLANG_WARN_EMPTY_BODY = YES;
				CLANG_WARN_ENUM_CONVERSION = YES;
				CLANG_WARN_INFINITE_RECURSION = YES;
				CLANG_WARN_INT_CONVERSION = YES;
				CLANG_WARN_NON_LITERAL_NULL_CONVERSION = YES;
				CLANG_WARN_OBJC_IMPLICIT_RETAIN_SELF = YES;
				CLANG_WARN_OBJC_LITERAL_CONVERSION = YES;
				CLANG_WARN_OBJC_ROOT_CLASS = YES_ERROR;
				CLANG_WARN_QUOTED_INCLUDE_IN_FRAMEWORK_HEADER = YES;
				CLANG_WARN_RANGE_LOOP_ANALYSIS = YES;
				CLANG_WARN_STRICT_PROTOTYPES = YES;
				CLANG_WARN_SUSPICIOUS_MOVE = YES;
				CLANG_WARN_UNGUARDED_AVAILABILITY = YES_AGGRESSIVE;
				CLANG_WARN_UNREACHABLE_CODE = YES;
				CLANG_WARN__DUPLICATE_METHOD_MATCH = YES;
				COPY_PHASE_STRIP = NO;
				DEBUG_INFORMATION_FORMAT = "dwarf-with-dsym";
				ENABLE_NS_ASSERTIONS = NO;
				ENABLE_STRICT_OBJC_MSGSEND = YES;
				ENABLE_USER_SCRIPT_SANDBOXING = YES;
				GCC_C_LANGUAGE_STANDARD = gnu17;
				GCC_NO_COMMON_BLOCKS = YES;
				GCC_WARN_64_TO_32_BIT_CONVERSION = YES;
				GCC_WARN_ABOUT_RETURN_TYPE = YES_ERROR;
				GCC_WARN_UNDECLARED_SELECTOR = YES;
				GCC_WARN_UNINITIALIZED_AUTOS = YES_AGGRESSIVE;
				GCC_WARN_UNUSED_FUNCTION = YES;
				GCC_WARN_UNUSED_VARIABLE = YES;
				IPHONEOS_DEPLOYMENT_TARGET = 17.0;
				LOCALIZATION_PREFERS_STRING_CATALOGS = YES;
				MTL_ENABLE_DEBUG_INFO = NO;
				MTL_FAST_MATH = YES;
				SDKROOT = iphoneos;
				SWIFT_COMPILATION_MODE = wholemodule;
				VALIDATE_PRODUCT = YES;
			};
			name = Release;
		};
		6B6CF57E2B0A71AA002910B8 /* Debug */ = {
			isa = XCBuildConfiguration;
			buildSettings = {
				ASSETCATALOG_COMPILER_APPICON_NAME = AppIcon;
				ASSETCATALOG_COMPILER_GLOBAL_ACCENT_COLOR_NAME = AccentColor;
				CODE_SIGN_STYLE = Automatic;
				CURRENT_PROJECT_VERSION = 1;
				DEVELOPMENT_ASSET_PATHS = "\"TwitterCloneSwiftUI/Preview Content\"";
				DEVELOPMENT_TEAM = XW545M62FL;
				ENABLE_PREVIEWS = YES;
				GENERATE_INFOPLIST_FILE = YES;
				INFOPLIST_KEY_UIApplicationSceneManifest_Generation = YES;
				INFOPLIST_KEY_UIApplicationSupportsIndirectInputEvents = YES;
				INFOPLIST_KEY_UILaunchScreen_Generation = YES;
				INFOPLIST_KEY_UISupportedInterfaceOrientations_iPad = "UIInterfaceOrientationPortrait UIInterfaceOrientationPortraitUpsideDown UIInterfaceOrientationLandscapeLeft UIInterfaceOrientationLandscapeRight";
				INFOPLIST_KEY_UISupportedInterfaceOrientations_iPhone = "UIInterfaceOrientationPortrait UIInterfaceOrientationLandscapeLeft UIInterfaceOrientationLandscapeRight";
				LD_RUNPATH_SEARCH_PATHS = (
					"$(inherited)",
					"@executable_path/Frameworks",
				);
				MARKETING_VERSION = 1.0;
				PRODUCT_BUNDLE_IDENTIFIER = com.yagizhitit.TwitterCloneSwiftUI;
				PRODUCT_NAME = "$(TARGET_NAME)";
				SWIFT_EMIT_LOC_STRINGS = YES;
				SWIFT_VERSION = 5.0;
				TARGETED_DEVICE_FAMILY = "1,2";
			};
			name = Debug;
		};
		6B6CF57F2B0A71AA002910B8 /* Release */ = {
			isa = XCBuildConfiguration;
			buildSettings = {
				ASSETCATALOG_COMPILER_APPICON_NAME = AppIcon;
				ASSETCATALOG_COMPILER_GLOBAL_ACCENT_COLOR_NAME = AccentColor;
				CODE_SIGN_STYLE = Automatic;
				CURRENT_PROJECT_VERSION = 1;
				DEVELOPMENT_ASSET_PATHS = "\"TwitterCloneSwiftUI/Preview Content\"";
				DEVELOPMENT_TEAM = XW545M62FL;
				ENABLE_PREVIEWS = YES;
				GENERATE_INFOPLIST_FILE = YES;
				INFOPLIST_KEY_UIApplicationSceneManifest_Generation = YES;
				INFOPLIST_KEY_UIApplicationSupportsIndirectInputEvents = YES;
				INFOPLIST_KEY_UILaunchScreen_Generation = YES;
				INFOPLIST_KEY_UISupportedInterfaceOrientations_iPad = "UIInterfaceOrientationPortrait UIInterfaceOrientationPortraitUpsideDown UIInterfaceOrientationLandscapeLeft UIInterfaceOrientationLandscapeRight";
				INFOPLIST_KEY_UISupportedInterfaceOrientations_iPhone = "UIInterfaceOrientationPortrait UIInterfaceOrientationLandscapeLeft UIInterfaceOrientationLandscapeRight";
				LD_RUNPATH_SEARCH_PATHS = (
					"$(inherited)",
					"@executable_path/Frameworks",
				);
				MARKETING_VERSION = 1.0;
				PRODUCT_BUNDLE_IDENTIFIER = com.yagizhitit.TwitterCloneSwiftUI;
				PRODUCT_NAME = "$(TARGET_NAME)";
				SWIFT_EMIT_LOC_STRINGS = YES;
				SWIFT_VERSION = 5.0;
				TARGETED_DEVICE_FAMILY = "1,2";
			};
			name = Release;
		};
/* End XCBuildConfiguration section */

/* Begin XCConfigurationList section */
		6B6CF56A2B0A71A9002910B8 /* Build configuration list for PBXProject "TwitterCloneSwiftUI" */ = {
			isa = XCConfigurationList;
			buildConfigurations = (
				6B6CF57B2B0A71AA002910B8 /* Debug */,
				6B6CF57C2B0A71AA002910B8 /* Release */,
			);
			defaultConfigurationIsVisible = 0;
			defaultConfigurationName = Release;
		};
		6B6CF57D2B0A71AA002910B8 /* Build configuration list for PBXNativeTarget "TwitterCloneSwiftUI" */ = {
			isa = XCConfigurationList;
			buildConfigurations = (
				6B6CF57E2B0A71AA002910B8 /* Debug */,
				6B6CF57F2B0A71AA002910B8 /* Release */,
			);
			defaultConfigurationIsVisible = 0;
			defaultConfigurationName = Release;
		};
/* End XCConfigurationList section */

/* Begin XCRemoteSwiftPackageReference section */
		6B3359232B1165A100E8DB68 /* XCRemoteSwiftPackageReference "firebase-ios-sdk" */ = {
			isa = XCRemoteSwiftPackageReference;
			repositoryURL = "https://github.com/firebase/firebase-ios-sdk";
			requirement = {
				kind = upToNextMajorVersion;
				minimumVersion = 10.18.0;
			};
		};
		6B9956FF2B194976005D02DD /* XCRemoteSwiftPackageReference "Kingfisher" */ = {
			isa = XCRemoteSwiftPackageReference;
			repositoryURL = "https://github.com/onevcat/Kingfisher.git";
			requirement = {
				kind = upToNextMajorVersion;
				minimumVersion = 7.10.0;
			};
		};
/* End XCRemoteSwiftPackageReference section */

/* Begin XCSwiftPackageProductDependency section */
		6B3359242B1165A100E8DB68 /* FirebaseAnalytics */ = {
			isa = XCSwiftPackageProductDependency;
			package = 6B3359232B1165A100E8DB68 /* XCRemoteSwiftPackageReference "firebase-ios-sdk" */;
			productName = FirebaseAnalytics;
		};
		6B3359262B1165A100E8DB68 /* FirebaseAnalyticsOnDeviceConversion */ = {
			isa = XCSwiftPackageProductDependency;
			package = 6B3359232B1165A100E8DB68 /* XCRemoteSwiftPackageReference "firebase-ios-sdk" */;
			productName = FirebaseAnalyticsOnDeviceConversion;
		};
		6B3359282B1165A100E8DB68 /* FirebaseAnalyticsSwift */ = {
			isa = XCSwiftPackageProductDependency;
			package = 6B3359232B1165A100E8DB68 /* XCRemoteSwiftPackageReference "firebase-ios-sdk" */;
			productName = FirebaseAnalyticsSwift;
		};
		6B33592A2B1165A100E8DB68 /* FirebaseAnalyticsWithoutAdIdSupport */ = {
			isa = XCSwiftPackageProductDependency;
			package = 6B3359232B1165A100E8DB68 /* XCRemoteSwiftPackageReference "firebase-ios-sdk" */;
			productName = FirebaseAnalyticsWithoutAdIdSupport;
		};
		6B33592C2B1165A100E8DB68 /* FirebaseAppCheck */ = {
			isa = XCSwiftPackageProductDependency;
			package = 6B3359232B1165A100E8DB68 /* XCRemoteSwiftPackageReference "firebase-ios-sdk" */;
			productName = FirebaseAppCheck;
		};
		6B33592E2B1165A100E8DB68 /* FirebaseAppDistribution-Beta */ = {
			isa = XCSwiftPackageProductDependency;
			package = 6B3359232B1165A100E8DB68 /* XCRemoteSwiftPackageReference "firebase-ios-sdk" */;
			productName = "FirebaseAppDistribution-Beta";
		};
		6B3359302B1165A100E8DB68 /* FirebaseAuth */ = {
			isa = XCSwiftPackageProductDependency;
			package = 6B3359232B1165A100E8DB68 /* XCRemoteSwiftPackageReference "firebase-ios-sdk" */;
			productName = FirebaseAuth;
		};
		6B3359322B1165A100E8DB68 /* FirebaseAuthCombine-Community */ = {
			isa = XCSwiftPackageProductDependency;
			package = 6B3359232B1165A100E8DB68 /* XCRemoteSwiftPackageReference "firebase-ios-sdk" */;
			productName = "FirebaseAuthCombine-Community";
		};
		6B3359342B1165A100E8DB68 /* FirebaseCrashlytics */ = {
			isa = XCSwiftPackageProductDependency;
			package = 6B3359232B1165A100E8DB68 /* XCRemoteSwiftPackageReference "firebase-ios-sdk" */;
			productName = FirebaseCrashlytics;
		};
		6B3359362B1165A100E8DB68 /* FirebaseDatabase */ = {
			isa = XCSwiftPackageProductDependency;
			package = 6B3359232B1165A100E8DB68 /* XCRemoteSwiftPackageReference "firebase-ios-sdk" */;
			productName = FirebaseDatabase;
		};
		6B3359382B1165A100E8DB68 /* FirebaseDatabaseSwift */ = {
			isa = XCSwiftPackageProductDependency;
			package = 6B3359232B1165A100E8DB68 /* XCRemoteSwiftPackageReference "firebase-ios-sdk" */;
			productName = FirebaseDatabaseSwift;
		};
		6B33593A2B1165A100E8DB68 /* FirebaseDynamicLinks */ = {
			isa = XCSwiftPackageProductDependency;
			package = 6B3359232B1165A100E8DB68 /* XCRemoteSwiftPackageReference "firebase-ios-sdk" */;
			productName = FirebaseDynamicLinks;
		};
		6B33593C2B1165A100E8DB68 /* FirebaseFirestore */ = {
			isa = XCSwiftPackageProductDependency;
			package = 6B3359232B1165A100E8DB68 /* XCRemoteSwiftPackageReference "firebase-ios-sdk" */;
			productName = FirebaseFirestore;
		};
		6B33593E2B1165A100E8DB68 /* FirebaseFirestoreCombine-Community */ = {
			isa = XCSwiftPackageProductDependency;
			package = 6B3359232B1165A100E8DB68 /* XCRemoteSwiftPackageReference "firebase-ios-sdk" */;
			productName = "FirebaseFirestoreCombine-Community";
		};
		6B3359402B1165A100E8DB68 /* FirebaseFirestoreSwift */ = {
			isa = XCSwiftPackageProductDependency;
			package = 6B3359232B1165A100E8DB68 /* XCRemoteSwiftPackageReference "firebase-ios-sdk" */;
			productName = FirebaseFirestoreSwift;
		};
		6B3359422B1165A100E8DB68 /* FirebaseFunctions */ = {
			isa = XCSwiftPackageProductDependency;
			package = 6B3359232B1165A100E8DB68 /* XCRemoteSwiftPackageReference "firebase-ios-sdk" */;
			productName = FirebaseFunctions;
		};
		6B3359442B1165A100E8DB68 /* FirebaseFunctionsCombine-Community */ = {
			isa = XCSwiftPackageProductDependency;
			package = 6B3359232B1165A100E8DB68 /* XCRemoteSwiftPackageReference "firebase-ios-sdk" */;
			productName = "FirebaseFunctionsCombine-Community";
		};
		6B3359462B1165A100E8DB68 /* FirebaseInAppMessaging-Beta */ = {
			isa = XCSwiftPackageProductDependency;
			package = 6B3359232B1165A100E8DB68 /* XCRemoteSwiftPackageReference "firebase-ios-sdk" */;
			productName = "FirebaseInAppMessaging-Beta";
		};
		6B3359482B1165A100E8DB68 /* FirebaseInAppMessagingSwift-Beta */ = {
			isa = XCSwiftPackageProductDependency;
			package = 6B3359232B1165A100E8DB68 /* XCRemoteSwiftPackageReference "firebase-ios-sdk" */;
			productName = "FirebaseInAppMessagingSwift-Beta";
		};
		6B33594A2B1165A100E8DB68 /* FirebaseInstallations */ = {
			isa = XCSwiftPackageProductDependency;
			package = 6B3359232B1165A100E8DB68 /* XCRemoteSwiftPackageReference "firebase-ios-sdk" */;
			productName = FirebaseInstallations;
		};
		6B33594C2B1165A100E8DB68 /* FirebaseMLModelDownloader */ = {
			isa = XCSwiftPackageProductDependency;
			package = 6B3359232B1165A100E8DB68 /* XCRemoteSwiftPackageReference "firebase-ios-sdk" */;
			productName = FirebaseMLModelDownloader;
		};
		6B33594E2B1165A100E8DB68 /* FirebaseMessaging */ = {
			isa = XCSwiftPackageProductDependency;
			package = 6B3359232B1165A100E8DB68 /* XCRemoteSwiftPackageReference "firebase-ios-sdk" */;
			productName = FirebaseMessaging;
		};
		6B3359502B1165A100E8DB68 /* FirebasePerformance */ = {
			isa = XCSwiftPackageProductDependency;
			package = 6B3359232B1165A100E8DB68 /* XCRemoteSwiftPackageReference "firebase-ios-sdk" */;
			productName = FirebasePerformance;
		};
		6B3359522B1165A100E8DB68 /* FirebaseRemoteConfig */ = {
			isa = XCSwiftPackageProductDependency;
			package = 6B3359232B1165A100E8DB68 /* XCRemoteSwiftPackageReference "firebase-ios-sdk" */;
			productName = FirebaseRemoteConfig;
		};
		6B3359542B1165A100E8DB68 /* FirebaseRemoteConfigSwift */ = {
			isa = XCSwiftPackageProductDependency;
			package = 6B3359232B1165A100E8DB68 /* XCRemoteSwiftPackageReference "firebase-ios-sdk" */;
			productName = FirebaseRemoteConfigSwift;
		};
		6B3359562B1165A100E8DB68 /* FirebaseStorage */ = {
			isa = XCSwiftPackageProductDependency;
			package = 6B3359232B1165A100E8DB68 /* XCRemoteSwiftPackageReference "firebase-ios-sdk" */;
			productName = FirebaseStorage;
		};
		6B3359582B1165A100E8DB68 /* FirebaseStorageCombine-Community */ = {
			isa = XCSwiftPackageProductDependency;
			package = 6B3359232B1165A100E8DB68 /* XCRemoteSwiftPackageReference "firebase-ios-sdk" */;
			productName = "FirebaseStorageCombine-Community";
		};
		6B9957002B194976005D02DD /* Kingfisher */ = {
			isa = XCSwiftPackageProductDependency;
			package = 6B9956FF2B194976005D02DD /* XCRemoteSwiftPackageReference "Kingfisher" */;
			productName = Kingfisher;
		};
/* End XCSwiftPackageProductDependency section */
	};
	rootObject = 6B6CF5672B0A71A9002910B8 /* Project object */;
}
